
Microsoft Visual Studio Solution File, Format Version 12.00
# Visual Studio Version 17
VisualStudioVersion = 17.9.34622.214
MinimumVisualStudioVersion = 10.0.40219.1
Project("{FAE04EC0-301F-11D3-BF4B-00C04F79EFBC}") = "Newsletter", "Newsletter\Newsletter.csproj", "{550154C4-141E-4919-9764-DAFC3F1F4C65}"
EndProject
Global
	GlobalSection(SolutionConfigurationPlatforms) = preSolution
		Debug|Any CPU = Debug|Any CPU
		Release|Any CPU = Release|Any CPU
	EndGlobalSection
	GlobalSection(ProjectConfigurationPlatforms) = postSolution
		{550154C4-141E-4919-9764-DAFC3F1F4C65}.Debug|Any CPU.ActiveCfg = Debug|Any CPU
		{550154C4-141E-4919-9764-DAFC3F1F4C65}.Debug|Any CPU.Build.0 = Debug|Any CPU
		{550154C4-141E-4919-9764-DAFC3F1F4C65}.Release|Any CPU.ActiveCfg = Release|Any CPU
		{550154C4-141E-4919-9764-DAFC3F1F4C65}.Release|Any CPU.Build.0 = Release|Any CPU
	EndGlobalSection
	GlobalSection(SolutionProperties) = preSolution
		HideSolutionNode = FALSE
	EndGlobalSection
	GlobalSection(ExtensibilityGlobals) = postSolution
		SolutionGuid = {20487025-E0DB-4CDD-9B4A-F893A2143811}
	EndGlobalSection
EndGlobal
